// !$*UTF8*$!
{
	archiveVersion = 1;
	classes = {
	};
	objectVersion = 48;
	objects = {

/* Begin PBXBuildFile section */
		B616B44D1FCF003100252C7A /* InternetMasterViewController.swift in Sources */ = {isa = PBXBuildFile; fileRef = B616B44C1FCF003100252C7A /* InternetMasterViewController.swift */; };
		B616B4511FCF055700252C7A /* InternetDetailViewController.swift in Sources */ = {isa = PBXBuildFile; fileRef = B616B4501FCF055700252C7A /* InternetDetailViewController.swift */; };
		B616B4541FCF0B2A00252C7A /* WebKit.framework in Frameworks */ = {isa = PBXBuildFile; fileRef = B616B4531FCF0B2A00252C7A /* WebKit.framework */; };
		B6315FF61FE176C00095A0BD /* Utilities.swift in Sources */ = {isa = PBXBuildFile; fileRef = B6315FF51FE176BF0095A0BD /* Utilities.swift */; };
		B6315FF81FE177010095A0BD /* StarField.sks in Resources */ = {isa = PBXBuildFile; fileRef = B6315FF71FE177010095A0BD /* StarField.sks */; };
		B6315FFE1FE1775A0095A0BD /* Player.swift in Sources */ = {isa = PBXBuildFile; fileRef = B6315FF91FE1775A0095A0BD /* Player.swift */; };
		B6315FFF1FE1775A0095A0BD /* PlayerLaser.swift in Sources */ = {isa = PBXBuildFile; fileRef = B6315FFA1FE1775A0095A0BD /* PlayerLaser.swift */; };
		B63160001FE1775A0095A0BD /* Projectile.swift in Sources */ = {isa = PBXBuildFile; fileRef = B6315FFB1FE1775A0095A0BD /* Projectile.swift */; };
		B63160011FE1775A0095A0BD /* InvaderLaser.swift in Sources */ = {isa = PBXBuildFile; fileRef = B6315FFC1FE1775A0095A0BD /* InvaderLaser.swift */; };
		B63160021FE1775A0095A0BD /* Invader.swift in Sources */ = {isa = PBXBuildFile; fileRef = B6315FFD1FE1775A0095A0BD /* Invader.swift */; };
		B63160061FE181F20095A0BD /* GameScene.swift in Sources */ = {isa = PBXBuildFile; fileRef = B63160031FE181F00095A0BD /* GameScene.swift */; };
		B63160071FE181F20095A0BD /* StartScene.swift in Sources */ = {isa = PBXBuildFile; fileRef = B63160041FE181F10095A0BD /* StartScene.swift */; };
		B63160081FE181F20095A0BD /* LevelCompleteScene.swift in Sources */ = {isa = PBXBuildFile; fileRef = B63160051FE181F20095A0BD /* LevelCompleteScene.swift */; };
		B63160101FE188BE0095A0BD /* boss sound.mp3 in Resources */ = {isa = PBXBuildFile; fileRef = B631600D1FE1824B0095A0BD /* boss sound.mp3 */; };
		B63160111FE188BE0095A0BD /* extra sound.mp3 in Resources */ = {isa = PBXBuildFile; fileRef = B631600A1FE182480095A0BD /* extra sound.mp3 */; };
		B63160121FE188BE0095A0BD /* invader sound.mp3 in Resources */ = {isa = PBXBuildFile; fileRef = B631600B1FE182480095A0BD /* invader sound.mp3 */; };
		B63160131FE188BE0095A0BD /* laser sound.mp3 in Resources */ = {isa = PBXBuildFile; fileRef = B631600E1FE1824B0095A0BD /* laser sound.mp3 */; };
		B63160141FE188BE0095A0BD /* powerup sound.mp3 in Resources */ = {isa = PBXBuildFile; fileRef = B631600C1FE1824A0095A0BD /* powerup sound.mp3 */; };
		B687F55F1FD6F0AE0004B284 /* DrawingView.swift in Sources */ = {isa = PBXBuildFile; fileRef = B687F55E1FD6F0AE0004B284 /* DrawingView.swift */; };
		B6BB5ABC1FD99C9400B38498 /* ArtCell.swift in Sources */ = {isa = PBXBuildFile; fileRef = B6BB5ABB1FD99C9400B38498 /* ArtCell.swift */; };
		B6F186091FC32B3B003BBCBB /* Flyable.swift in Sources */ = {isa = PBXBuildFile; fileRef = B6F186081FC32B3B003BBCBB /* Flyable.swift */; };
		B6F1860D1FC32D93003BBCBB /* Helicopter.swift in Sources */ = {isa = PBXBuildFile; fileRef = B6F1860C1FC32D93003BBCBB /* Helicopter.swift */; };
		B6FAEC7C1FA21FD7005B5AEE /* AppDelegate.swift in Sources */ = {isa = PBXBuildFile; fileRef = B6FAEC7B1FA21FD7005B5AEE /* AppDelegate.swift */; };
		B6FAEC7E1FA21FD7005B5AEE /* ViewController.swift in Sources */ = {isa = PBXBuildFile; fileRef = B6FAEC7D1FA21FD7005B5AEE /* ViewController.swift */; };
		B6FAEC811FA21FD7005B5AEE /* Main.storyboard in Resources */ = {isa = PBXBuildFile; fileRef = B6FAEC7F1FA21FD7005B5AEE /* Main.storyboard */; };
		B6FAEC831FA21FD7005B5AEE /* Assets.xcassets in Resources */ = {isa = PBXBuildFile; fileRef = B6FAEC821FA21FD7005B5AEE /* Assets.xcassets */; };
		B6FAEC861FA21FD7005B5AEE /* LaunchScreen.storyboard in Resources */ = {isa = PBXBuildFile; fileRef = B6FAEC841FA21FD7005B5AEE /* LaunchScreen.storyboard */; };
		B6FAEC921FA22300005B5AEE /* CreativityController.swift in Sources */ = {isa = PBXBuildFile; fileRef = B6FAEC911FA22300005B5AEE /* CreativityController.swift */; };
		B6FAEC941FA2233C005B5AEE /* AbstractionController.swift in Sources */ = {isa = PBXBuildFile; fileRef = B6FAEC931FA2233C005B5AEE /* AbstractionController.swift */; };
		B6FAEC961FA2235E005B5AEE /* DataAndInformationController.swift in Sources */ = {isa = PBXBuildFile; fileRef = B6FAEC951FA2235E005B5AEE /* DataAndInformationController.swift */; };
		B6FAEC981FA22383005B5AEE /* AlgorithmsController.swift in Sources */ = {isa = PBXBuildFile; fileRef = B6FAEC971FA22383005B5AEE /* AlgorithmsController.swift */; };
		B6FAEC9C1FA223BA005B5AEE /* ProgrammingController.swift in Sources */ = {isa = PBXBuildFile; fileRef = B6FAEC9B1FA223BA005B5AEE /* ProgrammingController.swift */; };
/* End PBXBuildFile section */

/* Begin PBXFileReference section */
		B616B44C1FCF003100252C7A /* InternetMasterViewController.swift */ = {isa = PBXFileReference; lastKnownFileType = sourcecode.swift; path = InternetMasterViewController.swift; sourceTree = "<group>"; };
		B616B4501FCF055700252C7A /* InternetDetailViewController.swift */ = {isa = PBXFileReference; lastKnownFileType = sourcecode.swift; path = InternetDetailViewController.swift; sourceTree = "<group>"; };
		B616B4531FCF0B2A00252C7A /* WebKit.framework */ = {isa = PBXFileReference; lastKnownFileType = wrapper.framework; name = WebKit.framework; path = System/Library/Frameworks/WebKit.framework; sourceTree = SDKROOT; };
		B6315FF51FE176BF0095A0BD /* Utilities.swift */ = {isa = PBXFileReference; fileEncoding = 4; lastKnownFileType = sourcecode.swift; path = Utilities.swift; sourceTree = "<group>"; };
		B6315FF71FE177010095A0BD /* StarField.sks */ = {isa = PBXFileReference; lastKnownFileType = file.sks; path = StarField.sks; sourceTree = "<group>"; };
		B6315FF91FE1775A0095A0BD /* Player.swift */ = {isa = PBXFileReference; fileEncoding = 4; lastKnownFileType = sourcecode.swift; path = Player.swift; sourceTree = "<group>"; };
		B6315FFA1FE1775A0095A0BD /* PlayerLaser.swift */ = {isa = PBXFileReference; fileEncoding = 4; lastKnownFileType = sourcecode.swift; path = PlayerLaser.swift; sourceTree = "<group>"; };
		B6315FFB1FE1775A0095A0BD /* Projectile.swift */ = {isa = PBXFileReference; fileEncoding = 4; lastKnownFileType = sourcecode.swift; path = Projectile.swift; sourceTree = "<group>"; };
		B6315FFC1FE1775A0095A0BD /* InvaderLaser.swift */ = {isa = PBXFileReference; fileEncoding = 4; lastKnownFileType = sourcecode.swift; path = InvaderLaser.swift; sourceTree = "<group>"; };
		B6315FFD1FE1775A0095A0BD /* Invader.swift */ = {isa = PBXFileReference; fileEncoding = 4; lastKnownFileType = sourcecode.swift; path = Invader.swift; sourceTree = "<group>"; };
		B63160031FE181F00095A0BD /* GameScene.swift */ = {isa = PBXFileReference; lastKnownFileType = sourcecode.swift; path = GameScene.swift; sourceTree = "<group>"; };
		B63160041FE181F10095A0BD /* StartScene.swift */ = {isa = PBXFileReference; lastKnownFileType = sourcecode.swift; path = StartScene.swift; sourceTree = "<group>"; };
		B63160051FE181F20095A0BD /* LevelCompleteScene.swift */ = {isa = PBXFileReference; lastKnownFileType = sourcecode.swift; path = LevelCompleteScene.swift; sourceTree = "<group>"; };
		B631600A1FE182480095A0BD /* extra sound.mp3 */ = {isa = PBXFileReference; lastKnownFileType = audio.mp3; path = "extra sound.mp3"; sourceTree = "<group>"; };
		B631600B1FE182480095A0BD /* invader sound.mp3 */ = {isa = PBXFileReference; lastKnownFileType = audio.mp3; path = "invader sound.mp3"; sourceTree = "<group>"; };
		B631600C1FE1824A0095A0BD /* powerup sound.mp3 */ = {isa = PBXFileReference; lastKnownFileType = audio.mp3; path = "powerup sound.mp3"; sourceTree = "<group>"; };
		B631600D1FE1824B0095A0BD /* boss sound.mp3 */ = {isa = PBXFileReference; lastKnownFileType = audio.mp3; path = "boss sound.mp3"; sourceTree = "<group>"; };
		B631600E1FE1824B0095A0BD /* laser sound.mp3 */ = {isa = PBXFileReference; lastKnownFileType = audio.mp3; path = "laser sound.mp3"; sourceTree = "<group>"; };
		B687F55E1FD6F0AE0004B284 /* DrawingView.swift */ = {isa = PBXFileReference; lastKnownFileType = sourcecode.swift; path = DrawingView.swift; sourceTree = "<group>"; };
		B6BB5ABB1FD99C9400B38498 /* ArtCell.swift */ = {isa = PBXFileReference; lastKnownFileType = sourcecode.swift; path = ArtCell.swift; sourceTree = "<group>"; };
		B6F186081FC32B3B003BBCBB /* Flyable.swift */ = {isa = PBXFileReference; lastKnownFileType = sourcecode.swift; path = Flyable.swift; sourceTree = "<group>"; };
		B6F1860C1FC32D93003BBCBB /* Helicopter.swift */ = {isa = PBXFileReference; lastKnownFileType = sourcecode.swift; path = Helicopter.swift; sourceTree = "<group>"; };
		B6FAEC781FA21FD7005B5AEE /* BrittneyMorales_CSP.app */ = {isa = PBXFileReference; explicitFileType = wrapper.application; includeInIndex = 0; path = BrittneyMorales_CSP.app; sourceTree = BUILT_PRODUCTS_DIR; };
		B6FAEC7B1FA21FD7005B5AEE /* AppDelegate.swift */ = {isa = PBXFileReference; lastKnownFileType = sourcecode.swift; path = AppDelegate.swift; sourceTree = "<group>"; };
		B6FAEC7D1FA21FD7005B5AEE /* ViewController.swift */ = {isa = PBXFileReference; lastKnownFileType = sourcecode.swift; path = ViewController.swift; sourceTree = "<group>"; };
		B6FAEC801FA21FD7005B5AEE /* Base */ = {isa = PBXFileReference; lastKnownFileType = file.storyboard; name = Base; path = Base.lproj/Main.storyboard; sourceTree = "<group>"; };
		B6FAEC821FA21FD7005B5AEE /* Assets.xcassets */ = {isa = PBXFileReference; lastKnownFileType = folder.assetcatalog; path = Assets.xcassets; sourceTree = "<group>"; };
		B6FAEC851FA21FD7005B5AEE /* Base */ = {isa = PBXFileReference; lastKnownFileType = file.storyboard; name = Base; path = Base.lproj/LaunchScreen.storyboard; sourceTree = "<group>"; };
		B6FAEC871FA21FD7005B5AEE /* Info.plist */ = {isa = PBXFileReference; lastKnownFileType = text.plist.xml; path = Info.plist; sourceTree = "<group>"; };
		B6FAEC911FA22300005B5AEE /* CreativityController.swift */ = {isa = PBXFileReference; lastKnownFileType = sourcecode.swift; path = CreativityController.swift; sourceTree = "<group>"; };
		B6FAEC931FA2233C005B5AEE /* AbstractionController.swift */ = {isa = PBXFileReference; lastKnownFileType = sourcecode.swift; path = AbstractionController.swift; sourceTree = "<group>"; };
		B6FAEC951FA2235E005B5AEE /* DataAndInformationController.swift */ = {isa = PBXFileReference; lastKnownFileType = sourcecode.swift; path = DataAndInformationController.swift; sourceTree = "<group>"; };
		B6FAEC971FA22383005B5AEE /* AlgorithmsController.swift */ = {isa = PBXFileReference; lastKnownFileType = sourcecode.swift; path = AlgorithmsController.swift; sourceTree = "<group>"; };
		B6FAEC9B1FA223BA005B5AEE /* ProgrammingController.swift */ = {isa = PBXFileReference; lastKnownFileType = sourcecode.swift; path = ProgrammingController.swift; sourceTree = "<group>"; };
/* End PBXFileReference section */

/* Begin PBXFrameworksBuildPhase section */
		B6FAEC751FA21FD7005B5AEE /* Frameworks */ = {
			isa = PBXFrameworksBuildPhase;
			buildActionMask = 2147483647;
			files = (
				B616B4541FCF0B2A00252C7A /* WebKit.framework in Frameworks */,
			);
			runOnlyForDeploymentPostprocessing = 0;
		};
/* End PBXFrameworksBuildPhase section */

/* Begin PBXGroup section */
		B616B4521FCF0B2A00252C7A /* Frameworks */ = {
			isa = PBXGroup;
			children = (
				B616B4531FCF0B2A00252C7A /* WebKit.framework */,
			);
			name = Frameworks;
			sourceTree = "<group>";
		};
		B63160091FE1821E0095A0BD /* GameController */ = {
			isa = PBXGroup;
			children = (
				B63160031FE181F00095A0BD /* GameScene.swift */,
				B63160051FE181F20095A0BD /* LevelCompleteScene.swift */,
				B63160041FE181F10095A0BD /* StartScene.swift */,
			);
			path = GameController;
			sourceTree = "<group>";
		};
		B631600F1FE1825B0095A0BD /* Sounds */ = {
			isa = PBXGroup;
			children = (
				B631600D1FE1824B0095A0BD /* boss sound.mp3 */,
				B631600A1FE182480095A0BD /* extra sound.mp3 */,
				B631600B1FE182480095A0BD /* invader sound.mp3 */,
				B631600E1FE1824B0095A0BD /* laser sound.mp3 */,
				B631600C1FE1824A0095A0BD /* powerup sound.mp3 */,
			);
			name = Sounds;
			path = "New Group";
			sourceTree = "<group>";
		};
		B6FAEC6F1FA21FD7005B5AEE = {
			isa = PBXGroup;
			children = (
				B6FAEC7A1FA21FD7005B5AEE /* BrittneyMorales_CSP */,
				B6FAEC791FA21FD7005B5AEE /* Products */,
				B616B4521FCF0B2A00252C7A /* Frameworks */,
			);
			sourceTree = "<group>";
		};
		B6FAEC791FA21FD7005B5AEE /* Products */ = {
			isa = PBXGroup;
			children = (
				B6FAEC781FA21FD7005B5AEE /* BrittneyMorales_CSP.app */,
			);
			name = Products;
			sourceTree = "<group>";
		};
		B6FAEC7A1FA21FD7005B5AEE /* BrittneyMorales_CSP */ = {
			isa = PBXGroup;
			children = (
				B6FAEC8D1FA21FF9005B5AEE /* Controller */,
				B6FAEC901FA2204B005B5AEE /* Model */,
				B6FAEC8F1FA22038005B5AEE /* View */,
				B6FAEC8E1FA22028005B5AEE /* Resources */,
			);
			path = BrittneyMorales_CSP;
			sourceTree = "<group>";
		};
		B6FAEC8D1FA21FF9005B5AEE /* Controller */ = {
			isa = PBXGroup;
			children = (
				B63160091FE1821E0095A0BD /* GameController */,
				B6FAEC9B1FA223BA005B5AEE /* ProgrammingController.swift */,
				B6FAEC971FA22383005B5AEE /* AlgorithmsController.swift */,
				B6FAEC951FA2235E005B5AEE /* DataAndInformationController.swift */,
				B6FAEC931FA2233C005B5AEE /* AbstractionController.swift */,
				B6FAEC911FA22300005B5AEE /* CreativityController.swift */,
				B6FAEC7B1FA21FD7005B5AEE /* AppDelegate.swift */,
				B6FAEC7D1FA21FD7005B5AEE /* ViewController.swift */,
				B616B44C1FCF003100252C7A /* InternetMasterViewController.swift */,
				B616B4501FCF055700252C7A /* InternetDetailViewController.swift */,
				B6BB5ABB1FD99C9400B38498 /* ArtCell.swift */,
			);
			path = Controller;
			sourceTree = "<group>";
		};
		B6FAEC8E1FA22028005B5AEE /* Resources */ = {
			isa = PBXGroup;
			children = (
				B6315FF51FE176BF0095A0BD /* Utilities.swift */,
				B631600F1FE1825B0095A0BD /* Sounds */,
				B6FAEC821FA21FD7005B5AEE /* Assets.xcassets */,
				B6FAEC871FA21FD7005B5AEE /* Info.plist */,
			);
			path = Resources;
			sourceTree = "<group>";
		};
		B6FAEC8F1FA22038005B5AEE /* View */ = {
			isa = PBXGroup;
			children = (
				B6315FF71FE177010095A0BD /* StarField.sks */,
				B6FAEC7F1FA21FD7005B5AEE /* Main.storyboard */,
				B6FAEC841FA21FD7005B5AEE /* LaunchScreen.storyboard */,
				B687F55E1FD6F0AE0004B284 /* DrawingView.swift */,
			);
			path = View;
			sourceTree = "<group>";
		};
		B6FAEC901FA2204B005B5AEE /* Model */ = {
			isa = PBXGroup;
			children = (
				B6315FFD1FE1775A0095A0BD /* Invader.swift */,
				B6315FFC1FE1775A0095A0BD /* InvaderLaser.swift */,
				B6315FF91FE1775A0095A0BD /* Player.swift */,
				B6315FFA1FE1775A0095A0BD /* PlayerLaser.swift */,
				B6315FFB1FE1775A0095A0BD /* Projectile.swift */,
				B6F186081FC32B3B003BBCBB /* Flyable.swift */,
				B6F1860C1FC32D93003BBCBB /* Helicopter.swift */,
			);
			path = Model;
			sourceTree = "<group>";
		};
/* End PBXGroup section */

/* Begin PBXNativeTarget section */
		B6FAEC771FA21FD7005B5AEE /* BrittneyMorales_CSP */ = {
			isa = PBXNativeTarget;
			buildConfigurationList = B6FAEC8A1FA21FD7005B5AEE /* Build configuration list for PBXNativeTarget "BrittneyMorales_CSP" */;
			buildPhases = (
				B6FAEC741FA21FD7005B5AEE /* Sources */,
				B6FAEC751FA21FD7005B5AEE /* Frameworks */,
				B6FAEC761FA21FD7005B5AEE /* Resources */,
			);
			buildRules = (
			);
			dependencies = (
			);
			name = BrittneyMorales_CSP;
			productName = BrittneyMorales_CSP;
			productReference = B6FAEC781FA21FD7005B5AEE /* BrittneyMorales_CSP.app */;
			productType = "com.apple.product-type.application";
		};
/* End PBXNativeTarget section */

/* Begin PBXProject section */
		B6FAEC701FA21FD7005B5AEE /* Project object */ = {
			isa = PBXProject;
			attributes = {
				LastSwiftUpdateCheck = 0900;
				LastUpgradeCheck = 0900;
				ORGANIZATIONNAME = CTEC;
				TargetAttributes = {
					B6FAEC771FA21FD7005B5AEE = {
						CreatedOnToolsVersion = 9.0;
						ProvisioningStyle = Automatic;
					};
				};
			};
			buildConfigurationList = B6FAEC731FA21FD7005B5AEE /* Build configuration list for PBXProject "BrittneyMorales_CSP" */;
			compatibilityVersion = "Xcode 8.0";
			developmentRegion = en;
			hasScannedForEncodings = 0;
			knownRegions = (
				en,
				Base,
			);
			mainGroup = B6FAEC6F1FA21FD7005B5AEE;
			productRefGroup = B6FAEC791FA21FD7005B5AEE /* Products */;
			projectDirPath = "";
			projectRoot = "";
			targets = (
				B6FAEC771FA21FD7005B5AEE /* BrittneyMorales_CSP */,
			);
		};
/* End PBXProject section */

/* Begin PBXResourcesBuildPhase section */
		B6FAEC761FA21FD7005B5AEE /* Resources */ = {
			isa = PBXResourcesBuildPhase;
			buildActionMask = 2147483647;
			files = (
				B6315FF81FE177010095A0BD /* StarField.sks in Resources */,
				B63160141FE188BE0095A0BD /* powerup sound.mp3 in Resources */,
				B6FAEC861FA21FD7005B5AEE /* LaunchScreen.storyboard in Resources */,
				B6FAEC831FA21FD7005B5AEE /* Assets.xcassets in Resources */,
				B6FAEC811FA21FD7005B5AEE /* Main.storyboard in Resources */,
				B63160111FE188BE0095A0BD /* extra sound.mp3 in Resources */,
				B63160131FE188BE0095A0BD /* laser sound.mp3 in Resources */,
				B63160101FE188BE0095A0BD /* boss sound.mp3 in Resources */,
				B63160121FE188BE0095A0BD /* invader sound.mp3 in Resources */,
			);
			runOnlyForDeploymentPostprocessing = 0;
		};
/* End PBXResourcesBuildPhase section */

/* Begin PBXSourcesBuildPhase section */
		B6FAEC741FA21FD7005B5AEE /* Sources */ = {
			isa = PBXSourcesBuildPhase;
			buildActionMask = 2147483647;
			files = (
				B6F186091FC32B3B003BBCBB /* Flyable.swift in Sources */,
				B616B44D1FCF003100252C7A /* InternetMasterViewController.swift in Sources */,
				B6315FF61FE176C00095A0BD /* Utilities.swift in Sources */,
				B6315FFE1FE1775A0095A0BD /* Player.swift in Sources */,
				B6F1860D1FC32D93003BBCBB /* Helicopter.swift in Sources */,
				B63160001FE1775A0095A0BD /* Projectile.swift in Sources */,
				B616B4511FCF055700252C7A /* InternetDetailViewController.swift in Sources */,
				B687F55F1FD6F0AE0004B284 /* DrawingView.swift in Sources */,
				B63160011FE1775A0095A0BD /* InvaderLaser.swift in Sources */,
				B6FAEC961FA2235E005B5AEE /* DataAndInformationController.swift in Sources */,
				B6FAEC9C1FA223BA005B5AEE /* ProgrammingController.swift in Sources */,
				B63160061FE181F20095A0BD /* GameScene.swift in Sources */,
				B6FAEC981FA22383005B5AEE /* AlgorithmsController.swift in Sources */,
				B6FAEC941FA2233C005B5AEE /* AbstractionController.swift in Sources */,
				B6FAEC921FA22300005B5AEE /* CreativityController.swift in Sources */,
				B6315FFF1FE1775A0095A0BD /* PlayerLaser.swift in Sources */,
				B6FAEC7E1FA21FD7005B5AEE /* ViewController.swift in Sources */,
				B63160021FE1775A0095A0BD /* Invader.swift in Sources */,
				B6BB5ABC1FD99C9400B38498 /* ArtCell.swift in Sources */,
				B6FAEC7C1FA21FD7005B5AEE /* AppDelegate.swift in Sources */,
				B63160081FE181F20095A0BD /* LevelCompleteScene.swift in Sources */,
				B63160071FE181F20095A0BD /* StartScene.swift in Sources */,
			);
			runOnlyForDeploymentPostprocessing = 0;
		};
/* End PBXSourcesBuildPhase section */

/* Begin PBXVariantGroup section */
		B6FAEC7F1FA21FD7005B5AEE /* Main.storyboard */ = {
			isa = PBXVariantGroup;
			children = (
				B6FAEC801FA21FD7005B5AEE /* Base */,
			);
			name = Main.storyboard;
			sourceTree = "<group>";
		};
		B6FAEC841FA21FD7005B5AEE /* LaunchScreen.storyboard */ = {
			isa = PBXVariantGroup;
			children = (
				B6FAEC851FA21FD7005B5AEE /* Base */,
			);
			name = LaunchScreen.storyboard;
			sourceTree = "<group>";
		};
/* End PBXVariantGroup section */

/* Begin XCBuildConfiguration section */
		B6FAEC881FA21FD7005B5AEE /* Debug */ = {
			isa = XCBuildConfiguration;
			buildSettings = {
				ALWAYS_SEARCH_USER_PATHS = NO;
				CLANG_ANALYZER_NONNULL = YES;
				CLANG_ANALYZER_NUMBER_OBJECT_CONVERSION = YES_AGGRESSIVE;
				CLANG_CXX_LANGUAGE_STANDARD = "gnu++14";
				CLANG_CXX_LIBRARY = "libc++";
				CLANG_ENABLE_MODULES = YES;
				CLANG_ENABLE_OBJC_ARC = YES;
				CLANG_WARN_BLOCK_CAPTURE_AUTORELEASING = YES;
				CLANG_WARN_BOOL_CONVERSION = YES;
				CLANG_WARN_COMMA = YES;
				CLANG_WARN_CONSTANT_CONVERSION = YES;
				CLANG_WARN_DIRECT_OBJC_ISA_USAGE = YES_ERROR;
				CLANG_WARN_DOCUMENTATION_COMMENTS = YES;
				CLANG_WARN_EMPTY_BODY = YES;
				CLANG_WARN_ENUM_CONVERSION = YES;
				CLANG_WARN_INFINITE_RECURSION = YES;
				CLANG_WARN_INT_CONVERSION = YES;
				CLANG_WARN_NON_LITERAL_NULL_CONVERSION = YES;
				CLANG_WARN_OBJC_LITERAL_CONVERSION = YES;
				CLANG_WARN_OBJC_ROOT_CLASS = YES_ERROR;
				CLANG_WARN_RANGE_LOOP_ANALYSIS = YES;
				CLANG_WARN_STRICT_PROTOTYPES = YES;
				CLANG_WARN_SUSPICIOUS_MOVE = YES;
				CLANG_WARN_UNGUARDED_AVAILABILITY = YES_AGGRESSIVE;
				CLANG_WARN_UNREACHABLE_CODE = YES;
				CLANG_WARN__DUPLICATE_METHOD_MATCH = YES;
				CODE_SIGN_IDENTITY = "iPhone Developer";
				COPY_PHASE_STRIP = NO;
				DEBUG_INFORMATION_FORMAT = dwarf;
				ENABLE_STRICT_OBJC_MSGSEND = YES;
				ENABLE_TESTABILITY = YES;
				GCC_C_LANGUAGE_STANDARD = gnu11;
				GCC_DYNAMIC_NO_PIC = NO;
				GCC_NO_COMMON_BLOCKS = YES;
				GCC_OPTIMIZATION_LEVEL = 0;
				GCC_PREPROCESSOR_DEFINITIONS = (
					"DEBUG=1",
					"$(inherited)",
				);
				GCC_WARN_64_TO_32_BIT_CONVERSION = YES;
				GCC_WARN_ABOUT_RETURN_TYPE = YES_ERROR;
				GCC_WARN_UNDECLARED_SELECTOR = YES;
				GCC_WARN_UNINITIALIZED_AUTOS = YES_AGGRESSIVE;
				GCC_WARN_UNUSED_FUNCTION = YES;
				GCC_WARN_UNUSED_VARIABLE = YES;
				IPHONEOS_DEPLOYMENT_TARGET = 11.0;
				MTL_ENABLE_DEBUG_INFO = YES;
				ONLY_ACTIVE_ARCH = YES;
				SDKROOT = iphoneos;
				SWIFT_ACTIVE_COMPILATION_CONDITIONS = DEBUG;
				SWIFT_OPTIMIZATION_LEVEL = "-Onone";
			};
			name = Debug;
		};
		B6FAEC891FA21FD7005B5AEE /* Release */ = {
			isa = XCBuildConfiguration;
			buildSettings = {
				ALWAYS_SEARCH_USER_PATHS = NO;
				CLANG_ANALYZER_NONNULL = YES;
				CLANG_ANALYZER_NUMBER_OBJECT_CONVERSION = YES_AGGRESSIVE;
				CLANG_CXX_LANGUAGE_STANDARD = "gnu++14";
				CLANG_CXX_LIBRARY = "libc++";
				CLANG_ENABLE_MODULES = YES;
				CLANG_ENABLE_OBJC_ARC = YES;
				CLANG_WARN_BLOCK_CAPTURE_AUTORELEASING = YES;
				CLANG_WARN_BOOL_CONVERSION = YES;
				CLANG_WARN_COMMA = YES;
				CLANG_WARN_CONSTANT_CONVERSION = YES;
				CLANG_WARN_DIRECT_OBJC_ISA_USAGE = YES_ERROR;
				CLANG_WARN_DOCUMENTATION_COMMENTS = YES;
				CLANG_WARN_EMPTY_BODY = YES;
				CLANG_WARN_ENUM_CONVERSION = YES;
				CLANG_WARN_INFINITE_RECURSION = YES;
				CLANG_WARN_INT_CONVERSION = YES;
				CLANG_WARN_NON_LITERAL_NULL_CONVERSION = YES;
				CLANG_WARN_OBJC_LITERAL_CONVERSION = YES;
				CLANG_WARN_OBJC_ROOT_CLASS = YES_ERROR;
				CLANG_WARN_RANGE_LOOP_ANALYSIS = YES;
				CLANG_WARN_STRICT_PROTOTYPES = YES;
				CLANG_WARN_SUSPICIOUS_MOVE = YES;
				CLANG_WARN_UNGUARDED_AVAILABILITY = YES_AGGRESSIVE;
				CLANG_WARN_UNREACHABLE_CODE = YES;
				CLANG_WARN__DUPLICATE_METHOD_MATCH = YES;
				CODE_SIGN_IDENTITY = "iPhone Developer";
				COPY_PHASE_STRIP = NO;
				DEBUG_INFORMATION_FORMAT = "dwarf-with-dsym";
				ENABLE_NS_ASSERTIONS = NO;
				ENABLE_STRICT_OBJC_MSGSEND = YES;
				GCC_C_LANGUAGE_STANDARD = gnu11;
				GCC_NO_COMMON_BLOCKS = YES;
				GCC_WARN_64_TO_32_BIT_CONVERSION = YES;
				GCC_WARN_ABOUT_RETURN_TYPE = YES_ERROR;
				GCC_WARN_UNDECLARED_SELECTOR = YES;
				GCC_WARN_UNINITIALIZED_AUTOS = YES_AGGRESSIVE;
				GCC_WARN_UNUSED_FUNCTION = YES;
				GCC_WARN_UNUSED_VARIABLE = YES;
				IPHONEOS_DEPLOYMENT_TARGET = 11.0;
				MTL_ENABLE_DEBUG_INFO = NO;
				SDKROOT = iphoneos;
				SWIFT_OPTIMIZATION_LEVEL = "-Owholemodule";
				VALIDATE_PRODUCT = YES;
			};
			name = Release;
		};
		B6FAEC8B1FA21FD7005B5AEE /* Debug */ = {
			isa = XCBuildConfiguration;
			buildSettings = {
				ASSETCATALOG_COMPILER_APPICON_NAME = AppIcon;
				CODE_SIGN_STYLE = Automatic;
				INFOPLIST_FILE = "$(SRCROOT)/BrittneyMorales_CSP/Resources/Info.plist";
				IPHONEOS_DEPLOYMENT_TARGET = 11.0;
				LD_RUNPATH_SEARCH_PATHS = "$(inherited) @executable_path/Frameworks";
				PRODUCT_BUNDLE_IDENTIFIER = "CTEC.BrittneyMorales-CSP";
				PRODUCT_NAME = "$(TARGET_NAME)";
				SWIFT_VERSION = 4.0;
				TARGETED_DEVICE_FAMILY = "1,2";
			};
			name = Debug;
		};
		B6FAEC8C1FA21FD7005B5AEE /* Release */ = {
			isa = XCBuildConfiguration;
			buildSettings = {
				ASSETCATALOG_COMPILER_APPICON_NAME = AppIcon;
				CODE_SIGN_STYLE = Automatic;
				INFOPLIST_FILE = "$(SRCROOT)/BrittneyMorales_CSP/Resources/Info.plist";
				IPHONEOS_DEPLOYMENT_TARGET = 11.0;
				LD_RUNPATH_SEARCH_PATHS = "$(inherited) @executable_path/Frameworks";
				PRODUCT_BUNDLE_IDENTIFIER = "CTEC.BrittneyMorales-CSP";
				PRODUCT_NAME = "$(TARGET_NAME)";
				SWIFT_VERSION = 4.0;
				TARGETED_DEVICE_FAMILY = "1,2";
			};
			name = Release;
		};
/* End XCBuildConfiguration section */

/* Begin XCConfigurationList section */
		B6FAEC731FA21FD7005B5AEE /* Build configuration list for PBXProject "BrittneyMorales_CSP" */ = {
			isa = XCConfigurationList;
			buildConfigurations = (
				B6FAEC881FA21FD7005B5AEE /* Debug */,
				B6FAEC891FA21FD7005B5AEE /* Release */,
			);
			defaultConfigurationIsVisible = 0;
			defaultConfigurationName = Release;
		};
		B6FAEC8A1FA21FD7005B5AEE /* Build configuration list for PBXNativeTarget "BrittneyMorales_CSP" */ = {
			isa = XCConfigurationList;
			buildConfigurations = (
				B6FAEC8B1FA21FD7005B5AEE /* Debug */,
				B6FAEC8C1FA21FD7005B5AEE /* Release */,
			);
			defaultConfigurationIsVisible = 0;
			defaultConfigurationName = Release;
		};
/* End XCConfigurationList section */
	};
	rootObject = B6FAEC701FA21FD7005B5AEE /* Project object */;
}
